
Microsoft Visual Studio Solution File, Format Version 12.00
# Visual Studio Version 16
VisualStudioVersion = 16.0.31911.196
MinimumVisualStudioVersion = 10.0.40219.1
Project("{8BC9CEB8-8B4A-11D0-8D11-00A0C91BC942}") = "Battleship", "Battleship\Battleship.vcxproj", "{DDBF1D9A-1A4E-4DEF-BAAA-54F2EAC9B7C5}"
EndProject
Global
	GlobalSection(SolutionConfigurationPlatforms) = preSolution
		Debug|x64 = Debug|x64
		Debug|x86 = Debug|x86
		Release|x64 = Release|x64
		Release|x86 = Release|x86
	EndGlobalSection
	GlobalSection(ProjectConfigurationPlatforms) = postSolution
		{DDBF1D9A-1A4E-4DEF-BAAA-54F2EAC9B7C5}.Debug|x64.ActiveCfg = Debug|x64
		{DDBF1D9A-1A4E-4DEF-BAAA-54F2EAC9B7C5}.Debug|x64.Build.0 = Debug|x64
		{DDBF1D9A-1A4E-4DEF-BAAA-54F2EAC9B7C5}.Debug|x86.ActiveCfg = Debug|Win32
		{DDBF1D9A-1A4E-4DEF-BAAA-54F2EAC9B7C5}.Debug|x86.Build.0 = Debug|Win32
		{DDBF1D9A-1A4E-4DEF-BAAA-54F2EAC9B7C5}.Release|x64.ActiveCfg = Release|x64
		{DDBF1D9A-1A4E-4DEF-BAAA-54F2EAC9B7C5}.Release|x64.Build.0 = Release|x64
		{DDBF1D9A-1A4E-4DEF-BAAA-54F2EAC9B7C5}.Release|x86.ActiveCfg = Release|Win32
		{DDBF1D9A-1A4E-4DEF-BAAA-54F2EAC9B7C5}.Release|x86.Build.0 = Release|Win32
	EndGlobalSection
	GlobalSection(SolutionProperties) = preSolution
		HideSolutionNode = FALSE
	EndGlobalSection
	GlobalSection(ExtensibilityGlobals) = postSolution
		SolutionGuid = {A4DA6A8B-0A9E-493B-8423-F46A8C772E9B}
	EndGlobalSection
EndGlobal
